
Microsoft Visual Studio Solution File, Format Version 12.00
# Visual Studio Version 17
VisualStudioVersion = 17.12.35707.178 d17.12
MinimumVisualStudioVersion = 10.0.40219.1
Project("{FAE04EC0-301F-11D3-BF4B-00C04F79EFBC}") = "eCommerce.API", "eCommerce.API\eCommerce.API.csproj", "{0E63504F-3D1E-488E-849D-00A1D46F4202}"
EndProject
Project("{FAE04EC0-301F-11D3-BF4B-00C04F79EFBC}") = "eCommerce.Infrastructure", "eCommerce.Infrastructure\eCommerce.Infrastructure.csproj", "{358263AE-3B8D-47EC-BBED-D2FFA1D01A9A}"
EndProject
Project("{FAE04EC0-301F-11D3-BF4B-00C04F79EFBC}") = "eCommerce.Core", "eCommerce.Core\eCommerce.Core.csproj", "{050CB8AD-B349-4933-8348-5456072C79D8}"
EndProject
Global
	GlobalSection(SolutionConfigurationPlatforms) = preSolution
		Debug|Any CPU = Debug|Any CPU
		Release|Any CPU = Release|Any CPU
	EndGlobalSection
	GlobalSection(ProjectConfigurationPlatforms) = postSolution
		{0E63504F-3D1E-488E-849D-00A1D46F4202}.Debug|Any CPU.ActiveCfg = Debug|Any CPU
		{0E63504F-3D1E-488E-849D-00A1D46F4202}.Debug|Any CPU.Build.0 = Debug|Any CPU
		{0E63504F-3D1E-488E-849D-00A1D46F4202}.Release|Any CPU.ActiveCfg = Release|Any CPU
		{0E63504F-3D1E-488E-849D-00A1D46F4202}.Release|Any CPU.Build.0 = Release|Any CPU
		{358263AE-3B8D-47EC-BBED-D2FFA1D01A9A}.Debug|Any CPU.ActiveCfg = Debug|Any CPU
		{358263AE-3B8D-47EC-BBED-D2FFA1D01A9A}.Debug|Any CPU.Build.0 = Debug|Any CPU
		{358263AE-3B8D-47EC-BBED-D2FFA1D01A9A}.Release|Any CPU.ActiveCfg = Release|Any CPU
		{358263AE-3B8D-47EC-BBED-D2FFA1D01A9A}.Release|Any CPU.Build.0 = Release|Any CPU
		{050CB8AD-B349-4933-8348-5456072C79D8}.Debug|Any CPU.ActiveCfg = Debug|Any CPU
		{050CB8AD-B349-4933-8348-5456072C79D8}.Debug|Any CPU.Build.0 = Debug|Any CPU
		{050CB8AD-B349-4933-8348-5456072C79D8}.Release|Any CPU.ActiveCfg = Release|Any CPU
		{050CB8AD-B349-4933-8348-5456072C79D8}.Release|Any CPU.Build.0 = Release|Any CPU
	EndGlobalSection
	GlobalSection(SolutionProperties) = preSolution
		HideSolutionNode = FALSE
	EndGlobalSection
EndGlobal
